
Microsoft Visual Studio Solution File, Format Version 12.00
# Visual Studio Version 17
VisualStudioVersion = 17.6.33712.159
MinimumVisualStudioVersion = 10.0.40219.1
Project("{FAE04EC0-301F-11D3-BF4B-00C04F79EFBC}") = "DeliveryAppCol3", "DeliveryAppCol3\DeliveryAppCol3.csproj", "{65ECC617-DED1-435D-A059-107024F8ECD6}"
EndProject
Global
	GlobalSection(SolutionConfigurationPlatforms) = preSolution
		Debug|Any CPU = Debug|Any CPU
		Release|Any CPU = Release|Any CPU
	EndGlobalSection
	GlobalSection(ProjectConfigurationPlatforms) = postSolution
		{65ECC617-DED1-435D-A059-107024F8ECD6}.Debug|Any CPU.ActiveCfg = Debug|Any CPU
		{65ECC617-DED1-435D-A059-107024F8ECD6}.Debug|Any CPU.Build.0 = Debug|Any CPU
		{65ECC617-DED1-435D-A059-107024F8ECD6}.Release|Any CPU.ActiveCfg = Release|Any CPU
		{65ECC617-DED1-435D-A059-107024F8ECD6}.Release|Any CPU.Build.0 = Release|Any CPU
	EndGlobalSection
	GlobalSection(SolutionProperties) = preSolution
		HideSolutionNode = FALSE
	EndGlobalSection
	GlobalSection(ExtensibilityGlobals) = postSolution
		SolutionGuid = {3527CDA1-A14F-45DD-A56E-CD4F72F53FB1}
	EndGlobalSection
EndGlobal
